# This file was autogenerated by uv via the following command:
#    uv pip compile pyproject.toml --all-extras --python .venv/Scripts/python.exe -o requirements.lock
anyio==4.15.1
    # via httpx
certifi==2026.7.22
    # via
    #   httpcore
    #   httpx
cffi==2.1.1
    # via cryptography
colorama==0.4.6
    # via pytest
cryptography==50.0.1
    # via pmresearch (pyproject.toml)
graphql-core==3.2.12
    # via pmresearch (pyproject.toml)
h11==0.16.0
    # via httpcore
httpcore==1.0.9
    # via httpx
httpx==0.28.1
    # via pmresearch (pyproject.toml)
idna==3.19
    # via
    #   anyio
    #   httpx
iniconfig==2.3.0
    # via pytest
packaging==26.3
    # via pytest
pluggy==1.6.0
    # via pytest
pycparser==3.0
    # via cffi
pygments==2.21.0
    # via pytest
pytest==9.1.1
    # via pmresearch (pyproject.toml)
pyyaml==6.0.3
    # via pmresearch (pyproject.toml)
ruff==0.16.6
    # via pmresearch (pyproject.toml)
typing-extensions==4.16.0
    # via anyio
websockets==16.1.1
    # via pmresearch (pyproject.toml)
